
Microsoft Visual Studio Solution File, Format Version 12.00
# Visual Studio Version 16
VisualStudioVersion = 16.0.31205.134
MinimumVisualStudioVersion = 10.0.40219.1
Project("{FAE04EC0-301F-11D3-BF4B-00C04F79EFBC}") = "QueueTestApp", "QueueTestApp\QueueTestApp.csproj", "{FFC73379-2C92-4671-8BBC-7FF7E19C2B9D}"
EndProject
Global
	GlobalSection(SolutionConfigurationPlatforms) = preSolution
		Debug|Any CPU = Debug|Any CPU
		Release|Any CPU = Release|Any CPU
	EndGlobalSection
	GlobalSection(ProjectConfigurationPlatforms) = postSolution
		{FFC73379-2C92-4671-8BBC-7FF7E19C2B9D}.Debug|Any CPU.ActiveCfg = Debug|Any CPU
		{FFC73379-2C92-4671-8BBC-7FF7E19C2B9D}.Debug|Any CPU.Build.0 = Debug|Any CPU
		{FFC73379-2C92-4671-8BBC-7FF7E19C2B9D}.Release|Any CPU.ActiveCfg = Release|Any CPU
		{FFC73379-2C92-4671-8BBC-7FF7E19C2B9D}.Release|Any CPU.Build.0 = Release|Any CPU
	EndGlobalSection
	GlobalSection(SolutionProperties) = preSolution
		HideSolutionNode = FALSE
	EndGlobalSection
	GlobalSection(ExtensibilityGlobals) = postSolution
		SolutionGuid = {FAE82891-0891-4AAD-B884-06396EAEDBFB}
	EndGlobalSection
EndGlobal
