
Microsoft Visual Studio Solution File, Format Version 12.00
# Visual Studio Version 16
VisualStudioVersion = 16.0.31205.134
MinimumVisualStudioVersion = 10.0.40219.1
Project("{9A19103F-16F7-4668-BE54-9A1E7A4F7556}") = "GenericTestApp", "GenericTestApp\GenericTestApp.csproj", "{7AAFFA99-36B9-4515-A961-EB330E4F1A60}"
EndProject
Project("{9A19103F-16F7-4668-BE54-9A1E7A4F7556}") = "GenericMyListApp", "GenericMyListApp\GenericMyListApp.csproj", "{18F15CB8-3E1A-49BD-8D48-5854DCE38129}"
EndProject
Project("{9A19103F-16F7-4668-BE54-9A1E7A4F7556}") = "GenericCollectionApp", "GenericCollectionApp\GenericCollectionApp.csproj", "{CF57766A-D661-42BE-B502-11814FE5F171}"
EndProject
Project("{9A19103F-16F7-4668-BE54-9A1E7A4F7556}") = "ExceptionTestApp", "ExceptionTestApp\ExceptionTestApp.csproj", "{2D8A80A2-8408-4218-90B7-1AD76E97F6F3}"
EndProject
Project("{9A19103F-16F7-4668-BE54-9A1E7A4F7556}") = "DelegateTestApp", "DelegateTestApp\DelegateTestApp.csproj", "{518BA536-18EE-414A-A7BA-39442A90EFBA}"
EndProject
Project("{9A19103F-16F7-4668-BE54-9A1E7A4F7556}") = "DelegateChainApp", "DelegateChainApp\DelegateChainApp.csproj", "{6D82E36C-F2DA-4BEC-8296-F6EDACA5778D}"
EndProject
Project("{9A19103F-16F7-4668-BE54-9A1E7A4F7556}") = "EventHandlerTestApp", "EventHandlerTestApp\EventHandlerTestApp.csproj", "{BBCEE4E5-415F-49DC-B297-751E307EFE87}"
EndProject
Project("{FAE04EC0-301F-11D3-BF4B-00C04F79EFBC}") = "EventHandlerCheckApp", "EventHandlerCheckApp\EventHandlerCheckApp.csproj", "{C39ACC58-6050-4173-B5EE-F8672D8B4611}"
EndProject
Project("{9A19103F-16F7-4668-BE54-9A1E7A4F7556}") = "LambdaTestApp", "LambdaTestApp\LambdaTestApp.csproj", "{0EA96C42-672A-4202-A259-139E10BBCD44}"
EndProject
Project("{9A19103F-16F7-4668-BE54-9A1E7A4F7556}") = "LinqTestApp", "LinqTestApp\LinqTestApp.csproj", "{A47F0CB0-3BE9-4FEF-B8B7-60C1A8D1F3EA}"
EndProject
Project("{9A19103F-16F7-4668-BE54-9A1E7A4F7556}") = "ReflectionTestApp", "ReflectionTestApp\ReflectionTestApp.csproj", "{E9358EFD-5171-4FDB-80E4-E4F59461982C}"
EndProject
Project("{9A19103F-16F7-4668-BE54-9A1E7A4F7556}") = "DynCreationTest", "DynCreationTest\DynCreationTest.csproj", "{EDEF691F-AA1F-4744-9E73-74CC5279A2C7}"
EndProject
Project("{9A19103F-16F7-4668-BE54-9A1E7A4F7556}") = "AttributeTestApp", "AttributeTestApp\AttributeTestApp.csproj", "{738F4938-E413-48AA-B214-05BD717AC4BB}"
EndProject
Project("{9A19103F-16F7-4668-BE54-9A1E7A4F7556}") = "CakeUniProject4", "CakeUniProject4\CakeUniProject4.csproj", "{E415E869-0958-483D-8789-CEE2135493BB}"
EndProject
Project("{9A19103F-16F7-4668-BE54-9A1E7A4F7556}") = "FileDirectoryTestApp", "FileDirectoryTestApp\FileDirectoryTestApp.csproj", "{95853D8A-D8DE-4C8F-8A59-B139BB69294D}"
EndProject
Project("{9A19103F-16F7-4668-BE54-9A1E7A4F7556}") = "FileReadingTestApp", "FileReadingTestApp\FileReadingTestApp.csproj", "{D6320C5D-ED92-4B25-B19B-4D20F360C6AF}"
EndProject
Project("{9A19103F-16F7-4668-BE54-9A1E7A4F7556}") = "NLoggerTestApp", "NLoggerTestApp\NLoggerTestApp.csproj", "{18974975-B55A-4B00-8D52-1312ECFBB269}"
EndProject
Project("{FAE04EC0-301F-11D3-BF4B-00C04F79EFBC}") = "BasicThreadTestApp", "BasicThreadTestApp\BasicThreadTestApp.csproj", "{2B31808B-CC60-4E2C-898D-CD7F93BC3607}"
EndProject
Project("{FAE04EC0-301F-11D3-BF4B-00C04F79EFBC}") = "WinformThreadApp", "WinformThreadApp\WinformThreadApp.csproj", "{ED2FAB18-1F8C-431F-ACE3-B227D3A93837}"
EndProject
Project("{FAE04EC0-301F-11D3-BF4B-00C04F79EFBC}") = "ThreadLockTestApp", "ThreadLockTestApp\ThreadLockTestApp.csproj", "{9FC0DE6F-F7AD-4C34-B4CF-6F77226B2518}"
EndProject
Project("{FAE04EC0-301F-11D3-BF4B-00C04F79EFBC}") = "TaskTestApp", "TaskTestApp\TaskTestApp.csproj", "{BA89A2CF-68E8-4A85-9247-F9A6ED2831AF}"
EndProject
Project("{FAE04EC0-301F-11D3-BF4B-00C04F79EFBC}") = "ParallelTestApp", "ParallelTestApp\ParallelTestApp.csproj", "{21072C40-4D62-4018-9DCF-64A656668068}"
EndProject
Project("{FAE04EC0-301F-11D3-BF4B-00C04F79EFBC}") = "AsyncTestApp", "AsyncTestApp\AsyncTestApp.csproj", "{7D0CA05C-3030-4ABE-83C7-0C703A4542A3}"
EndProject
Project("{FAE04EC0-301F-11D3-BF4B-00C04F79EFBC}") = "TextEditApp", "TextEditApp\TextEditApp.csproj", "{D2152D11-B391-4DD2-8066-3295478EE5AE}"
EndProject
Global
	GlobalSection(SolutionConfigurationPlatforms) = preSolution
		Debug|Any CPU = Debug|Any CPU
		Release|Any CPU = Release|Any CPU
	EndGlobalSection
	GlobalSection(ProjectConfigurationPlatforms) = postSolution
		{7AAFFA99-36B9-4515-A961-EB330E4F1A60}.Debug|Any CPU.ActiveCfg = Debug|Any CPU
		{7AAFFA99-36B9-4515-A961-EB330E4F1A60}.Debug|Any CPU.Build.0 = Debug|Any CPU
		{7AAFFA99-36B9-4515-A961-EB330E4F1A60}.Release|Any CPU.ActiveCfg = Release|Any CPU
		{7AAFFA99-36B9-4515-A961-EB330E4F1A60}.Release|Any CPU.Build.0 = Release|Any CPU
		{18F15CB8-3E1A-49BD-8D48-5854DCE38129}.Debug|Any CPU.ActiveCfg = Debug|Any CPU
		{18F15CB8-3E1A-49BD-8D48-5854DCE38129}.Debug|Any CPU.Build.0 = Debug|Any CPU
		{18F15CB8-3E1A-49BD-8D48-5854DCE38129}.Release|Any CPU.ActiveCfg = Release|Any CPU
		{18F15CB8-3E1A-49BD-8D48-5854DCE38129}.Release|Any CPU.Build.0 = Release|Any CPU
		{CF57766A-D661-42BE-B502-11814FE5F171}.Debug|Any CPU.ActiveCfg = Debug|Any CPU
		{CF57766A-D661-42BE-B502-11814FE5F171}.Debug|Any CPU.Build.0 = Debug|Any CPU
		{CF57766A-D661-42BE-B502-11814FE5F171}.Release|Any CPU.ActiveCfg = Release|Any CPU
		{CF57766A-D661-42BE-B502-11814FE5F171}.Release|Any CPU.Build.0 = Release|Any CPU
		{2D8A80A2-8408-4218-90B7-1AD76E97F6F3}.Debug|Any CPU.ActiveCfg = Debug|Any CPU
		{2D8A80A2-8408-4218-90B7-1AD76E97F6F3}.Debug|Any CPU.Build.0 = Debug|Any CPU
		{2D8A80A2-8408-4218-90B7-1AD76E97F6F3}.Release|Any CPU.ActiveCfg = Release|Any CPU
		{2D8A80A2-8408-4218-90B7-1AD76E97F6F3}.Release|Any CPU.Build.0 = Release|Any CPU
		{518BA536-18EE-414A-A7BA-39442A90EFBA}.Debug|Any CPU.ActiveCfg = Debug|Any CPU
		{518BA536-18EE-414A-A7BA-39442A90EFBA}.Debug|Any CPU.Build.0 = Debug|Any CPU
		{518BA536-18EE-414A-A7BA-39442A90EFBA}.Release|Any CPU.ActiveCfg = Release|Any CPU
		{518BA536-18EE-414A-A7BA-39442A90EFBA}.Release|Any CPU.Build.0 = Release|Any CPU
		{6D82E36C-F2DA-4BEC-8296-F6EDACA5778D}.Debug|Any CPU.ActiveCfg = Debug|Any CPU
		{6D82E36C-F2DA-4BEC-8296-F6EDACA5778D}.Debug|Any CPU.Build.0 = Debug|Any CPU
		{6D82E36C-F2DA-4BEC-8296-F6EDACA5778D}.Release|Any CPU.ActiveCfg = Release|Any CPU
		{6D82E36C-F2DA-4BEC-8296-F6EDACA5778D}.Release|Any CPU.Build.0 = Release|Any CPU
		{BBCEE4E5-415F-49DC-B297-751E307EFE87}.Debug|Any CPU.ActiveCfg = Debug|Any CPU
		{BBCEE4E5-415F-49DC-B297-751E307EFE87}.Debug|Any CPU.Build.0 = Debug|Any CPU
		{BBCEE4E5-415F-49DC-B297-751E307EFE87}.Release|Any CPU.ActiveCfg = Release|Any CPU
		{BBCEE4E5-415F-49DC-B297-751E307EFE87}.Release|Any CPU.Build.0 = Release|Any CPU
		{C39ACC58-6050-4173-B5EE-F8672D8B4611}.Debug|Any CPU.ActiveCfg = Debug|Any CPU
		{C39ACC58-6050-4173-B5EE-F8672D8B4611}.Debug|Any CPU.Build.0 = Debug|Any CPU
		{C39ACC58-6050-4173-B5EE-F8672D8B4611}.Release|Any CPU.ActiveCfg = Release|Any CPU
		{C39ACC58-6050-4173-B5EE-F8672D8B4611}.Release|Any CPU.Build.0 = Release|Any CPU
		{0EA96C42-672A-4202-A259-139E10BBCD44}.Debug|Any CPU.ActiveCfg = Debug|Any CPU
		{0EA96C42-672A-4202-A259-139E10BBCD44}.Debug|Any CPU.Build.0 = Debug|Any CPU
		{0EA96C42-672A-4202-A259-139E10BBCD44}.Release|Any CPU.ActiveCfg = Release|Any CPU
		{0EA96C42-672A-4202-A259-139E10BBCD44}.Release|Any CPU.Build.0 = Release|Any CPU
		{A47F0CB0-3BE9-4FEF-B8B7-60C1A8D1F3EA}.Debug|Any CPU.ActiveCfg = Debug|Any CPU
		{A47F0CB0-3BE9-4FEF-B8B7-60C1A8D1F3EA}.Debug|Any CPU.Build.0 = Debug|Any CPU
		{A47F0CB0-3BE9-4FEF-B8B7-60C1A8D1F3EA}.Release|Any CPU.ActiveCfg = Release|Any CPU
		{A47F0CB0-3BE9-4FEF-B8B7-60C1A8D1F3EA}.Release|Any CPU.Build.0 = Release|Any CPU
		{E9358EFD-5171-4FDB-80E4-E4F59461982C}.Debug|Any CPU.ActiveCfg = Debug|Any CPU
		{E9358EFD-5171-4FDB-80E4-E4F59461982C}.Debug|Any CPU.Build.0 = Debug|Any CPU
		{E9358EFD-5171-4FDB-80E4-E4F59461982C}.Release|Any CPU.ActiveCfg = Release|Any CPU
		{E9358EFD-5171-4FDB-80E4-E4F59461982C}.Release|Any CPU.Build.0 = Release|Any CPU
		{EDEF691F-AA1F-4744-9E73-74CC5279A2C7}.Debug|Any CPU.ActiveCfg = Debug|Any CPU
		{EDEF691F-AA1F-4744-9E73-74CC5279A2C7}.Debug|Any CPU.Build.0 = Debug|Any CPU
		{EDEF691F-AA1F-4744-9E73-74CC5279A2C7}.Release|Any CPU.ActiveCfg = Release|Any CPU
		{EDEF691F-AA1F-4744-9E73-74CC5279A2C7}.Release|Any CPU.Build.0 = Release|Any CPU
		{738F4938-E413-48AA-B214-05BD717AC4BB}.Debug|Any CPU.ActiveCfg = Debug|Any CPU
		{738F4938-E413-48AA-B214-05BD717AC4BB}.Debug|Any CPU.Build.0 = Debug|Any CPU
		{738F4938-E413-48AA-B214-05BD717AC4BB}.Release|Any CPU.ActiveCfg = Release|Any CPU
		{738F4938-E413-48AA-B214-05BD717AC4BB}.Release|Any CPU.Build.0 = Release|Any CPU
		{E415E869-0958-483D-8789-CEE2135493BB}.Debug|Any CPU.ActiveCfg = Debug|Any CPU
		{E415E869-0958-483D-8789-CEE2135493BB}.Debug|Any CPU.Build.0 = Debug|Any CPU
		{E415E869-0958-483D-8789-CEE2135493BB}.Release|Any CPU.ActiveCfg = Release|Any CPU
		{E415E869-0958-483D-8789-CEE2135493BB}.Release|Any CPU.Build.0 = Release|Any CPU
		{95853D8A-D8DE-4C8F-8A59-B139BB69294D}.Debug|Any CPU.ActiveCfg = Debug|Any CPU
		{95853D8A-D8DE-4C8F-8A59-B139BB69294D}.Debug|Any CPU.Build.0 = Debug|Any CPU
		{95853D8A-D8DE-4C8F-8A59-B139BB69294D}.Release|Any CPU.ActiveCfg = Release|Any CPU
		{95853D8A-D8DE-4C8F-8A59-B139BB69294D}.Release|Any CPU.Build.0 = Release|Any CPU
		{D6320C5D-ED92-4B25-B19B-4D20F360C6AF}.Debug|Any CPU.ActiveCfg = Debug|Any CPU
		{D6320C5D-ED92-4B25-B19B-4D20F360C6AF}.Debug|Any CPU.Build.0 = Debug|Any CPU
		{D6320C5D-ED92-4B25-B19B-4D20F360C6AF}.Release|Any CPU.ActiveCfg = Release|Any CPU
		{D6320C5D-ED92-4B25-B19B-4D20F360C6AF}.Release|Any CPU.Build.0 = Release|Any CPU
		{18974975-B55A-4B00-8D52-1312ECFBB269}.Debug|Any CPU.ActiveCfg = Debug|Any CPU
		{18974975-B55A-4B00-8D52-1312ECFBB269}.Debug|Any CPU.Build.0 = Debug|Any CPU
		{18974975-B55A-4B00-8D52-1312ECFBB269}.Release|Any CPU.ActiveCfg = Release|Any CPU
		{18974975-B55A-4B00-8D52-1312ECFBB269}.Release|Any CPU.Build.0 = Release|Any CPU
		{2B31808B-CC60-4E2C-898D-CD7F93BC3607}.Debug|Any CPU.ActiveCfg = Debug|Any CPU
		{2B31808B-CC60-4E2C-898D-CD7F93BC3607}.Debug|Any CPU.Build.0 = Debug|Any CPU
		{2B31808B-CC60-4E2C-898D-CD7F93BC3607}.Release|Any CPU.ActiveCfg = Release|Any CPU
		{2B31808B-CC60-4E2C-898D-CD7F93BC3607}.Release|Any CPU.Build.0 = Release|Any CPU
		{ED2FAB18-1F8C-431F-ACE3-B227D3A93837}.Debug|Any CPU.ActiveCfg = Debug|Any CPU
		{ED2FAB18-1F8C-431F-ACE3-B227D3A93837}.Debug|Any CPU.Build.0 = Debug|Any CPU
		{ED2FAB18-1F8C-431F-ACE3-B227D3A93837}.Release|Any CPU.ActiveCfg = Release|Any CPU
		{ED2FAB18-1F8C-431F-ACE3-B227D3A93837}.Release|Any CPU.Build.0 = Release|Any CPU
		{9FC0DE6F-F7AD-4C34-B4CF-6F77226B2518}.Debug|Any CPU.ActiveCfg = Debug|Any CPU
		{9FC0DE6F-F7AD-4C34-B4CF-6F77226B2518}.Debug|Any CPU.Build.0 = Debug|Any CPU
		{9FC0DE6F-F7AD-4C34-B4CF-6F77226B2518}.Release|Any CPU.ActiveCfg = Release|Any CPU
		{9FC0DE6F-F7AD-4C34-B4CF-6F77226B2518}.Release|Any CPU.Build.0 = Release|Any CPU
		{BA89A2CF-68E8-4A85-9247-F9A6ED2831AF}.Debug|Any CPU.ActiveCfg = Debug|Any CPU
		{BA89A2CF-68E8-4A85-9247-F9A6ED2831AF}.Debug|Any CPU.Build.0 = Debug|Any CPU
		{BA89A2CF-68E8-4A85-9247-F9A6ED2831AF}.Release|Any CPU.ActiveCfg = Release|Any CPU
		{BA89A2CF-68E8-4A85-9247-F9A6ED2831AF}.Release|Any CPU.Build.0 = Release|Any CPU
		{21072C40-4D62-4018-9DCF-64A656668068}.Debug|Any CPU.ActiveCfg = Debug|Any CPU
		{21072C40-4D62-4018-9DCF-64A656668068}.Debug|Any CPU.Build.0 = Debug|Any CPU
		{21072C40-4D62-4018-9DCF-64A656668068}.Release|Any CPU.ActiveCfg = Release|Any CPU
		{21072C40-4D62-4018-9DCF-64A656668068}.Release|Any CPU.Build.0 = Release|Any CPU
		{7D0CA05C-3030-4ABE-83C7-0C703A4542A3}.Debug|Any CPU.ActiveCfg = Debug|Any CPU
		{7D0CA05C-3030-4ABE-83C7-0C703A4542A3}.Debug|Any CPU.Build.0 = Debug|Any CPU
		{7D0CA05C-3030-4ABE-83C7-0C703A4542A3}.Release|Any CPU.ActiveCfg = Release|Any CPU
		{7D0CA05C-3030-4ABE-83C7-0C703A4542A3}.Release|Any CPU.Build.0 = Release|Any CPU
		{D2152D11-B391-4DD2-8066-3295478EE5AE}.Debug|Any CPU.ActiveCfg = Debug|Any CPU
		{D2152D11-B391-4DD2-8066-3295478EE5AE}.Debug|Any CPU.Build.0 = Debug|Any CPU
		{D2152D11-B391-4DD2-8066-3295478EE5AE}.Release|Any CPU.ActiveCfg = Release|Any CPU
		{D2152D11-B391-4DD2-8066-3295478EE5AE}.Release|Any CPU.Build.0 = Release|Any CPU
	EndGlobalSection
	GlobalSection(SolutionProperties) = preSolution
		HideSolutionNode = FALSE
	EndGlobalSection
	GlobalSection(ExtensibilityGlobals) = postSolution
		SolutionGuid = {D7C0AC86-0715-4F97-AC92-DD35456DAF26}
	EndGlobalSection
EndGlobal
